
Microsoft Visual Studio Solution File, Format Version 12.00
# Visual Studio Version 17
VisualStudioVersion = 17.6.33815.320
MinimumVisualStudioVersion = 10.0.40219.1
Project("{FAE04EC0-301F-11D3-BF4B-00C04F79EFBC}") = "UC7_Tests", "UC7_Tests\UC7_Tests.csproj", "{E752B4CB-63F7-4F1A-8A5A-E3F8E1F07D29}"
EndProject
Project("{FAE04EC0-301F-11D3-BF4B-00C04F79EFBC}") = "UC7_Logic", "UC7_Logic\UC7_Logic.csproj", "{B1A45845-F111-431A-AFF6-CF6A2415D413}"
EndProject
Project("{2150E333-8FDC-42A3-9474-1A3956D46DE8}") = "ConversationFiles", "ConversationFiles", "{ABD7C949-F95C-4ABB-A46C-E2CB15F41292}"
	ProjectSection(SolutionItems) = preProject
		Create documentation.txt = Create documentation.txt
		Create unit tests.txt = Create unit tests.txt
		Infrastructure setup.txt = Infrastructure setup.txt
	EndProjectSection
EndProject
Global
	GlobalSection(SolutionConfigurationPlatforms) = preSolution
		Debug|Any CPU = Debug|Any CPU
		Release|Any CPU = Release|Any CPU
	EndGlobalSection
	GlobalSection(ProjectConfigurationPlatforms) = postSolution
		{E752B4CB-63F7-4F1A-8A5A-E3F8E1F07D29}.Debug|Any CPU.ActiveCfg = Debug|Any CPU
		{E752B4CB-63F7-4F1A-8A5A-E3F8E1F07D29}.Debug|Any CPU.Build.0 = Debug|Any CPU
		{E752B4CB-63F7-4F1A-8A5A-E3F8E1F07D29}.Release|Any CPU.ActiveCfg = Release|Any CPU
		{E752B4CB-63F7-4F1A-8A5A-E3F8E1F07D29}.Release|Any CPU.Build.0 = Release|Any CPU
		{B1A45845-F111-431A-AFF6-CF6A2415D413}.Debug|Any CPU.ActiveCfg = Debug|Any CPU
		{B1A45845-F111-431A-AFF6-CF6A2415D413}.Debug|Any CPU.Build.0 = Debug|Any CPU
		{B1A45845-F111-431A-AFF6-CF6A2415D413}.Release|Any CPU.ActiveCfg = Release|Any CPU
		{B1A45845-F111-431A-AFF6-CF6A2415D413}.Release|Any CPU.Build.0 = Release|Any CPU
	EndGlobalSection
	GlobalSection(SolutionProperties) = preSolution
		HideSolutionNode = FALSE
	EndGlobalSection
	GlobalSection(ExtensibilityGlobals) = postSolution
		SolutionGuid = {B8FBEEBA-710D-4611-8212-E7C565E7B639}
	EndGlobalSection
EndGlobal
